
Microsoft Visual Studio Solution File, Format Version 12.00
# Visual Studio 15
VisualStudioVersion = 15.0.28307.1340
MinimumVisualStudioVersion = 10.0.40219.1
Project("{FAE04EC0-301F-11D3-BF4B-00C04F79EFBC}") = "FinalProject.UI.MVC", "FinalProject.UI.MVC\FinalProject.UI.MVC.csproj", "{62062C2C-9960-48B6-B711-752404948634}"
EndProject
Project("{FAE04EC0-301F-11D3-BF4B-00C04F79EFBC}") = "FInalProject.DATA.EF", "FInalProject.DATA.EF\FInalProject.DATA.EF.csproj", "{EACC85AE-0A2C-49F0-8645-A65B6E367ABC}"
EndProject
Global
	GlobalSection(SolutionConfigurationPlatforms) = preSolution
		Debug|Any CPU = Debug|Any CPU
		Release|Any CPU = Release|Any CPU
	EndGlobalSection
	GlobalSection(ProjectConfigurationPlatforms) = postSolution
		{62062C2C-9960-48B6-B711-752404948634}.Debug|Any CPU.ActiveCfg = Debug|Any CPU
		{62062C2C-9960-48B6-B711-752404948634}.Debug|Any CPU.Build.0 = Debug|Any CPU
		{62062C2C-9960-48B6-B711-752404948634}.Release|Any CPU.ActiveCfg = Release|Any CPU
		{62062C2C-9960-48B6-B711-752404948634}.Release|Any CPU.Build.0 = Release|Any CPU
		{EACC85AE-0A2C-49F0-8645-A65B6E367ABC}.Debug|Any CPU.ActiveCfg = Debug|Any CPU
		{EACC85AE-0A2C-49F0-8645-A65B6E367ABC}.Debug|Any CPU.Build.0 = Debug|Any CPU
		{EACC85AE-0A2C-49F0-8645-A65B6E367ABC}.Release|Any CPU.ActiveCfg = Release|Any CPU
		{EACC85AE-0A2C-49F0-8645-A65B6E367ABC}.Release|Any CPU.Build.0 = Release|Any CPU
	EndGlobalSection
	GlobalSection(SolutionProperties) = preSolution
		HideSolutionNode = FALSE
	EndGlobalSection
	GlobalSection(ExtensibilityGlobals) = postSolution
		SolutionGuid = {CC7EF711-80C6-4A19-9252-6EEAF1337D78}
	EndGlobalSection
EndGlobal
